
Microsoft Visual Studio Solution File, Format Version 12.00
# Visual Studio Version 16
VisualStudioVersion = 16.0.32413.511
MinimumVisualStudioVersion = 10.0.40219.1
Project("{FAE04EC0-301F-11D3-BF4B-00C04F79EFBC}") = "CourseList", "CourseList\CourseList.csproj", "{AE0B70F0-F74D-406F-9D9C-8856E5A81AE3}"
EndProject
Global
	GlobalSection(SolutionConfigurationPlatforms) = preSolution
		Debug|Any CPU = Debug|Any CPU
		Release|Any CPU = Release|Any CPU
	EndGlobalSection
	GlobalSection(ProjectConfigurationPlatforms) = postSolution
		{AE0B70F0-F74D-406F-9D9C-8856E5A81AE3}.Debug|Any CPU.ActiveCfg = Debug|Any CPU
		{AE0B70F0-F74D-406F-9D9C-8856E5A81AE3}.Debug|Any CPU.Build.0 = Debug|Any CPU
		{AE0B70F0-F74D-406F-9D9C-8856E5A81AE3}.Release|Any CPU.ActiveCfg = Release|Any CPU
		{AE0B70F0-F74D-406F-9D9C-8856E5A81AE3}.Release|Any CPU.Build.0 = Release|Any CPU
	EndGlobalSection
	GlobalSection(SolutionProperties) = preSolution
		HideSolutionNode = FALSE
	EndGlobalSection
	GlobalSection(ExtensibilityGlobals) = postSolution
		SolutionGuid = {D8BF0A00-1C02-430A-921E-AC7C592B29ED}
	EndGlobalSection
EndGlobal
